
Microsoft Visual Studio Solution File, Format Version 12.00
# Visual Studio Version 17
VisualStudioVersion = 17.3.32825.248
MinimumVisualStudioVersion = 10.0.40219.1
Project("{2150E333-8FDC-42A3-9474-1A3956D46DE8}") = "src", "src", "{1C540961-7E6C-4E79-B2A1-A729D457FE9E}"
EndProject
Project("{2150E333-8FDC-42A3-9474-1A3956D46DE8}") = "services", "services", "{34B1363D-84C7-403A-88EB-8187B9532D64}"
EndProject
Project("{9A19103F-16F7-4668-BE54-9A1E7A4F7556}") = "FH.ParcelLogistics.Services", "src\services\FH.ParcelLogistics.Services\FH.ParcelLogistics.Services.csproj", "{5EDB3E43-6154-44BF-82D6-5FEA3FD4D344}"
EndProject
Project("{9A19103F-16F7-4668-BE54-9A1E7A4F7556}") = "FH.ParcelLogistics.Services.DTOs", "src\services\FH.ParcelLogistics.Services.DTOs\FH.ParcelLogistics.Services.DTOs.csproj", "{B8D18F25-F379-4B87-ACCC-F8A17E0AED38}"
EndProject
Project("{FAE04EC0-301F-11D3-BF4B-00C04F79EFBC}") = "FH.ParcelLogistics.Services.Interfaces", "src\services\FH.ParcelLogistics.Services.Interfaces\FH.ParcelLogistics.Services.Interfaces.csproj", "{8E95145F-8DE4-4CE0-9B3B-693BC8DBF818}"
EndProject
Project("{FAE04EC0-301F-11D3-BF4B-00C04F79EFBC}") = "FH.ParcelLogistics.Services.Tests", "src\services\FH.ParcelLogistics.Services.Tests\FH.ParcelLogistics.Services.Tests.csproj", "{34A8B32D-69E3-4E03-B6BE-957BDBE6362A}"
EndProject
Project("{2150E333-8FDC-42A3-9474-1A3956D46DE8}") = "logic", "logic", "{8E6D93B5-F184-4A57-9030-A10F7C6C0E58}"
EndProject
Project("{FAE04EC0-301F-11D3-BF4B-00C04F79EFBC}") = "FH.ParcelLogistics.BusinessLogic.Entities", "src\logic\FH.ParcelLogistics.BusinessLogic.Entities\FH.ParcelLogistics.BusinessLogic.Entities.csproj", "{BB0D18E4-A0F9-4EB9-AFE1-182E46D9E353}"
EndProject
Project("{FAE04EC0-301F-11D3-BF4B-00C04F79EFBC}") = "FH.ParcelLogistics.BusinessLogic.Interfaces", "src\logic\FH.ParcelLogistics.BusinessLogic.Interfaces\FH.ParcelLogistics.BusinessLogic.Interfaces.csproj", "{6DD7EB3D-8F42-44F5-B6DA-196E1BC8F913}"
EndProject
Project("{FAE04EC0-301F-11D3-BF4B-00C04F79EFBC}") = "FH.ParcelLogistics.BusinessLogic", "src\logic\FH.ParcelLogistics.BusinessLogic\FH.ParcelLogistics.BusinessLogic.csproj", "{B2E1AA08-DD6C-4D10-8082-547A4D2FF19C}"
EndProject
Project("{FAE04EC0-301F-11D3-BF4B-00C04F79EFBC}") = "FH.ParcelLogistics.BusinessLogic.Tests", "src\logic\FH.ParcelLogistics.BusinessLogic.Tests\FH.ParcelLogistics.BusinessLogic.Tests.csproj", "{8E39A32B-8F37-4B08-B2B5-4EDFF3E1C911}"
EndProject
Project("{2150E333-8FDC-42A3-9474-1A3956D46DE8}") = "database", "database", "{8E17A42A-170C-4D75-BC6C-EDA49C04113E}"
EndProject
Project("{FAE04EC0-301F-11D3-BF4B-00C04F79EFBC}") = "FH.ParcelLogistics.DataAccess.Entities", "src\database\FH.ParcelLogistics.DataAccess.Entities\FH.ParcelLogistics.DataAccess.Entities.csproj", "{B01ED6C4-FC25-4C0B-81F8-2757E99FDB39}"
EndProject
Project("{FAE04EC0-301F-11D3-BF4B-00C04F79EFBC}") = "FH.ParcelLogistics.DataAccess.Interfaces", "src\database\FH.ParcelLogistics.DataAccess.Interfaces\FH.ParcelLogistics.DataAccess.Interfaces.csproj", "{E71AD76F-A41E-4428-8D89-9AAA1F97EA9A}"
EndProject
Project("{FAE04EC0-301F-11D3-BF4B-00C04F79EFBC}") = "FH.ParcelLogistics.DataAccess.Sql", "src\database\FH.ParcelLogistics.DataAccess.Sql\FH.ParcelLogistics.DataAccess.Sql.csproj", "{1F18BAA7-E536-44ED-9D74-3D8D69C29F15}"
EndProject
Project("{FAE04EC0-301F-11D3-BF4B-00C04F79EFBC}") = "FH.ParcelLogistics.DataAccess.Tests", "src\database\FH.ParcelLogistics.DataAccess.Tests\FH.ParcelLogistics.DataAccess.Tests.csproj", "{E5BCFC1B-8519-4081-BEEC-67B29CD721A9}"
EndProject
Project("{2150E333-8FDC-42A3-9474-1A3956D46DE8}") = "agents", "agents", "{70DF8537-A90D-48DB-9F4A-4B0618939928}"
EndProject
Project("{FAE04EC0-301F-11D3-BF4B-00C04F79EFBC}") = "FH.ParcelLogistics.ServiceAgents", "src\agents\FH.ParcelLogistics.ServiceAgents\FH.ParcelLogistics.ServiceAgents.csproj", "{58F6AB5E-FAA7-4C91-89C4-139FDE32762D}"
EndProject
Project("{FAE04EC0-301F-11D3-BF4B-00C04F79EFBC}") = "FH.ParcelLogistics.ServiceAgents.Interfaces", "src\agents\FH.ParcelLogistics.ServiceAgents.Interfaces\FH.ParcelLogistics.ServiceAgents.Interfaces.csproj", "{95B49F70-B185-42DE-969B-E348127C3D55}"
EndProject
Project("{FAE04EC0-301F-11D3-BF4B-00C04F79EFBC}") = "FH.ParcelLogistics.ServiceAgents.Tests", "src\agents\FH.ParcelLogistics.ServiceAgents.Tests\FH.ParcelLogistics.ServiceAgents.Tests.csproj", "{4DE5D77A-FA73-4934-9999-A4E279C47199}"
EndProject
Global
	GlobalSection(SolutionConfigurationPlatforms) = preSolution
		Debug|Any CPU = Debug|Any CPU
		Release|Any CPU = Release|Any CPU
	EndGlobalSection
	GlobalSection(ProjectConfigurationPlatforms) = postSolution
		{5EDB3E43-6154-44BF-82D6-5FEA3FD4D344}.Debug|Any CPU.ActiveCfg = Debug|Any CPU
		{5EDB3E43-6154-44BF-82D6-5FEA3FD4D344}.Debug|Any CPU.Build.0 = Debug|Any CPU
		{5EDB3E43-6154-44BF-82D6-5FEA3FD4D344}.Release|Any CPU.ActiveCfg = Release|Any CPU
		{5EDB3E43-6154-44BF-82D6-5FEA3FD4D344}.Release|Any CPU.Build.0 = Release|Any CPU
		{B8D18F25-F379-4B87-ACCC-F8A17E0AED38}.Debug|Any CPU.ActiveCfg = Debug|Any CPU
		{B8D18F25-F379-4B87-ACCC-F8A17E0AED38}.Debug|Any CPU.Build.0 = Debug|Any CPU
		{B8D18F25-F379-4B87-ACCC-F8A17E0AED38}.Release|Any CPU.ActiveCfg = Release|Any CPU
		{B8D18F25-F379-4B87-ACCC-F8A17E0AED38}.Release|Any CPU.Build.0 = Release|Any CPU
		{8E95145F-8DE4-4CE0-9B3B-693BC8DBF818}.Debug|Any CPU.ActiveCfg = Debug|Any CPU
		{8E95145F-8DE4-4CE0-9B3B-693BC8DBF818}.Debug|Any CPU.Build.0 = Debug|Any CPU
		{8E95145F-8DE4-4CE0-9B3B-693BC8DBF818}.Release|Any CPU.ActiveCfg = Release|Any CPU
		{8E95145F-8DE4-4CE0-9B3B-693BC8DBF818}.Release|Any CPU.Build.0 = Release|Any CPU
		{BB0D18E4-A0F9-4EB9-AFE1-182E46D9E353}.Debug|Any CPU.ActiveCfg = Debug|Any CPU
		{BB0D18E4-A0F9-4EB9-AFE1-182E46D9E353}.Debug|Any CPU.Build.0 = Debug|Any CPU
		{BB0D18E4-A0F9-4EB9-AFE1-182E46D9E353}.Release|Any CPU.ActiveCfg = Release|Any CPU
		{BB0D18E4-A0F9-4EB9-AFE1-182E46D9E353}.Release|Any CPU.Build.0 = Release|Any CPU
		{6DD7EB3D-8F42-44F5-B6DA-196E1BC8F913}.Debug|Any CPU.ActiveCfg = Debug|Any CPU
		{6DD7EB3D-8F42-44F5-B6DA-196E1BC8F913}.Debug|Any CPU.Build.0 = Debug|Any CPU
		{6DD7EB3D-8F42-44F5-B6DA-196E1BC8F913}.Release|Any CPU.ActiveCfg = Release|Any CPU
		{6DD7EB3D-8F42-44F5-B6DA-196E1BC8F913}.Release|Any CPU.Build.0 = Release|Any CPU
		{B2E1AA08-DD6C-4D10-8082-547A4D2FF19C}.Debug|Any CPU.ActiveCfg = Debug|Any CPU
		{B2E1AA08-DD6C-4D10-8082-547A4D2FF19C}.Debug|Any CPU.Build.0 = Debug|Any CPU
		{B2E1AA08-DD6C-4D10-8082-547A4D2FF19C}.Release|Any CPU.ActiveCfg = Release|Any CPU
		{B2E1AA08-DD6C-4D10-8082-547A4D2FF19C}.Release|Any CPU.Build.0 = Release|Any CPU
		{8E39A32B-8F37-4B08-B2B5-4EDFF3E1C911}.Debug|Any CPU.ActiveCfg = Debug|Any CPU
		{8E39A32B-8F37-4B08-B2B5-4EDFF3E1C911}.Debug|Any CPU.Build.0 = Debug|Any CPU
		{8E39A32B-8F37-4B08-B2B5-4EDFF3E1C911}.Release|Any CPU.ActiveCfg = Release|Any CPU
		{8E39A32B-8F37-4B08-B2B5-4EDFF3E1C911}.Release|Any CPU.Build.0 = Release|Any CPU
		{34A8B32D-69E3-4E03-B6BE-957BDBE6362A}.Debug|Any CPU.ActiveCfg = Debug|Any CPU
		{34A8B32D-69E3-4E03-B6BE-957BDBE6362A}.Debug|Any CPU.Build.0 = Debug|Any CPU
		{34A8B32D-69E3-4E03-B6BE-957BDBE6362A}.Release|Any CPU.ActiveCfg = Release|Any CPU
		{34A8B32D-69E3-4E03-B6BE-957BDBE6362A}.Release|Any CPU.Build.0 = Release|Any CPU
		{B01ED6C4-FC25-4C0B-81F8-2757E99FDB39}.Debug|Any CPU.ActiveCfg = Debug|Any CPU
		{B01ED6C4-FC25-4C0B-81F8-2757E99FDB39}.Debug|Any CPU.Build.0 = Debug|Any CPU
		{B01ED6C4-FC25-4C0B-81F8-2757E99FDB39}.Release|Any CPU.ActiveCfg = Release|Any CPU
		{B01ED6C4-FC25-4C0B-81F8-2757E99FDB39}.Release|Any CPU.Build.0 = Release|Any CPU
		{E71AD76F-A41E-4428-8D89-9AAA1F97EA9A}.Debug|Any CPU.ActiveCfg = Debug|Any CPU
		{E71AD76F-A41E-4428-8D89-9AAA1F97EA9A}.Debug|Any CPU.Build.0 = Debug|Any CPU
		{E71AD76F-A41E-4428-8D89-9AAA1F97EA9A}.Release|Any CPU.ActiveCfg = Release|Any CPU
		{E71AD76F-A41E-4428-8D89-9AAA1F97EA9A}.Release|Any CPU.Build.0 = Release|Any CPU
		{1F18BAA7-E536-44ED-9D74-3D8D69C29F15}.Debug|Any CPU.ActiveCfg = Debug|Any CPU
		{1F18BAA7-E536-44ED-9D74-3D8D69C29F15}.Debug|Any CPU.Build.0 = Debug|Any CPU
		{1F18BAA7-E536-44ED-9D74-3D8D69C29F15}.Release|Any CPU.ActiveCfg = Release|Any CPU
		{1F18BAA7-E536-44ED-9D74-3D8D69C29F15}.Release|Any CPU.Build.0 = Release|Any CPU
		{E5BCFC1B-8519-4081-BEEC-67B29CD721A9}.Debug|Any CPU.ActiveCfg = Debug|Any CPU
		{E5BCFC1B-8519-4081-BEEC-67B29CD721A9}.Debug|Any CPU.Build.0 = Debug|Any CPU
		{E5BCFC1B-8519-4081-BEEC-67B29CD721A9}.Release|Any CPU.ActiveCfg = Release|Any CPU
		{E5BCFC1B-8519-4081-BEEC-67B29CD721A9}.Release|Any CPU.Build.0 = Release|Any CPU
		{58F6AB5E-FAA7-4C91-89C4-139FDE32762D}.Debug|Any CPU.ActiveCfg = Debug|Any CPU
		{58F6AB5E-FAA7-4C91-89C4-139FDE32762D}.Debug|Any CPU.Build.0 = Debug|Any CPU
		{58F6AB5E-FAA7-4C91-89C4-139FDE32762D}.Release|Any CPU.ActiveCfg = Release|Any CPU
		{58F6AB5E-FAA7-4C91-89C4-139FDE32762D}.Release|Any CPU.Build.0 = Release|Any CPU
		{95B49F70-B185-42DE-969B-E348127C3D55}.Debug|Any CPU.ActiveCfg = Debug|Any CPU
		{95B49F70-B185-42DE-969B-E348127C3D55}.Debug|Any CPU.Build.0 = Debug|Any CPU
		{95B49F70-B185-42DE-969B-E348127C3D55}.Release|Any CPU.ActiveCfg = Release|Any CPU
		{95B49F70-B185-42DE-969B-E348127C3D55}.Release|Any CPU.Build.0 = Release|Any CPU
		{4DE5D77A-FA73-4934-9999-A4E279C47199}.Debug|Any CPU.ActiveCfg = Debug|Any CPU
		{4DE5D77A-FA73-4934-9999-A4E279C47199}.Debug|Any CPU.Build.0 = Debug|Any CPU
		{4DE5D77A-FA73-4934-9999-A4E279C47199}.Release|Any CPU.ActiveCfg = Release|Any CPU
		{4DE5D77A-FA73-4934-9999-A4E279C47199}.Release|Any CPU.Build.0 = Release|Any CPU
	EndGlobalSection
	GlobalSection(SolutionProperties) = preSolution
		HideSolutionNode = FALSE
	EndGlobalSection
	GlobalSection(ExtensibilityGlobals) = postSolution
		SolutionGuid = {65EF4A92-2D53-4C29-86BA-4FB38DD0F4DC}
	EndGlobalSection
	GlobalSection(NestedProjects) = preSolution
		{8E95145F-8DE4-4CE0-9B3B-693BC8DBF818} = {34B1363D-84C7-403A-88EB-8187B9532D64}
		{B8D18F25-F379-4B87-ACCC-F8A17E0AED38} = {34B1363D-84C7-403A-88EB-8187B9532D64}
		{5EDB3E43-6154-44BF-82D6-5FEA3FD4D344} = {34B1363D-84C7-403A-88EB-8187B9532D64}
		{BB0D18E4-A0F9-4EB9-AFE1-182E46D9E353} = {8E6D93B5-F184-4A57-9030-A10F7C6C0E58}
		{8E6D93B5-F184-4A57-9030-A10F7C6C0E58} = {1C540961-7E6C-4E79-B2A1-A729D457FE9E}
		{6DD7EB3D-8F42-44F5-B6DA-196E1BC8F913} = {8E6D93B5-F184-4A57-9030-A10F7C6C0E58}
		{B2E1AA08-DD6C-4D10-8082-547A4D2FF19C} = {8E6D93B5-F184-4A57-9030-A10F7C6C0E58}
		{8E39A32B-8F37-4B08-B2B5-4EDFF3E1C911} = {8E6D93B5-F184-4A57-9030-A10F7C6C0E58}
		{34B1363D-84C7-403A-88EB-8187B9532D64} = {1C540961-7E6C-4E79-B2A1-A729D457FE9E}
		{34A8B32D-69E3-4E03-B6BE-957BDBE6362A} = {34B1363D-84C7-403A-88EB-8187B9532D64}
		{8E17A42A-170C-4D75-BC6C-EDA49C04113E} = {1C540961-7E6C-4E79-B2A1-A729D457FE9E}
		{B01ED6C4-FC25-4C0B-81F8-2757E99FDB39} = {8E17A42A-170C-4D75-BC6C-EDA49C04113E}
		{E71AD76F-A41E-4428-8D89-9AAA1F97EA9A} = {8E17A42A-170C-4D75-BC6C-EDA49C04113E}
		{1F18BAA7-E536-44ED-9D74-3D8D69C29F15} = {8E17A42A-170C-4D75-BC6C-EDA49C04113E}
		{E5BCFC1B-8519-4081-BEEC-67B29CD721A9} = {8E17A42A-170C-4D75-BC6C-EDA49C04113E}
		{70DF8537-A90D-48DB-9F4A-4B0618939928} = {1C540961-7E6C-4E79-B2A1-A729D457FE9E}
		{58F6AB5E-FAA7-4C91-89C4-139FDE32762D} = {70DF8537-A90D-48DB-9F4A-4B0618939928}
		{95B49F70-B185-42DE-969B-E348127C3D55} = {70DF8537-A90D-48DB-9F4A-4B0618939928}
		{4DE5D77A-FA73-4934-9999-A4E279C47199} = {70DF8537-A90D-48DB-9F4A-4B0618939928}
	EndGlobalSection
EndGlobal
